
Microsoft Visual Studio Solution File, Format Version 12.00
# Visual Studio Version 16
VisualStudioVersion = 16.0.29503.13
MinimumVisualStudioVersion = 10.0.40219.1
Project("{FAE04EC0-301F-11D3-BF4B-00C04F79EFBC}") = "ThePMDB", "ThePMDB.csproj", "{13E2FF8A-ED60-4BDF-B99B-67CF91BB28D6}"
EndProject
Global
	GlobalSection(SolutionConfigurationPlatforms) = preSolution
		Debug|Any CPU = Debug|Any CPU
		Release|Any CPU = Release|Any CPU
	EndGlobalSection
	GlobalSection(ProjectConfigurationPlatforms) = postSolution
		{13E2FF8A-ED60-4BDF-B99B-67CF91BB28D6}.Debug|Any CPU.ActiveCfg = Debug|Any CPU
		{13E2FF8A-ED60-4BDF-B99B-67CF91BB28D6}.Debug|Any CPU.Build.0 = Debug|Any CPU
		{13E2FF8A-ED60-4BDF-B99B-67CF91BB28D6}.Release|Any CPU.ActiveCfg = Release|Any CPU
		{13E2FF8A-ED60-4BDF-B99B-67CF91BB28D6}.Release|Any CPU.Build.0 = Release|Any CPU
	EndGlobalSection
	GlobalSection(SolutionProperties) = preSolution
		HideSolutionNode = FALSE
	EndGlobalSection
	GlobalSection(ExtensibilityGlobals) = postSolution
		SolutionGuid = {DAB9752F-91C4-467C-BF74-9DEBB7540AC1}
	EndGlobalSection
EndGlobal
